// !$*UTF8*$!
{
	archiveVersion = 1;
	classes = {
	};
	objectVersion = 55;
	objects = {

/* Begin PBXBuildFile section */
		2FB9E184284730790009C8B2 /* main.swift in Sources */ = {isa = PBXBuildFile; fileRef = 2FB9E183284730790009C8B2 /* main.swift */; };
		2FB9E18B284753350009C8B2 /* example1.swift in Sources */ = {isa = PBXBuildFile; fileRef = 2FB9E18A284753350009C8B2 /* example1.swift */; };
		2FB9E18D284753CC0009C8B2 /* example2.swift in Sources */ = {isa = PBXBuildFile; fileRef = 2FB9E18C284753CC0009C8B2 /* example2.swift */; };
		2FCB4A51284864160047F8E5 /* example3.swift in Sources */ = {isa = PBXBuildFile; fileRef = 2FCB4A50284864160047F8E5 /* example3.swift */; };
		2FCB4A53284865710047F8E5 /* example4.swift in Sources */ = {isa = PBXBuildFile; fileRef = 2FCB4A52284865710047F8E5 /* example4.swift */; };
		2FCB4A55284872140047F8E5 /* example5.swift in Sources */ = {isa = PBXBuildFile; fileRef = 2FCB4A54284872140047F8E5 /* example5.swift */; };
		2FCB4A57284877C10047F8E5 /* example6.swift in Sources */ = {isa = PBXBuildFile; fileRef = 2FCB4A56284877C10047F8E5 /* example6.swift */; };
		2FCB4A5928487AFC0047F8E5 /* example7.swift in Sources */ = {isa = PBXBuildFile; fileRef = 2FCB4A5828487AFC0047F8E5 /* example7.swift */; };
		2FCB4A5B28487D520047F8E5 /* example8.swift in Sources */ = {isa = PBXBuildFile; fileRef = 2FCB4A5A28487D520047F8E5 /* example8.swift */; };
		2FCB4A5D284886550047F8E5 /* example9.swift in Sources */ = {isa = PBXBuildFile; fileRef = 2FCB4A5C284886550047F8E5 /* example9.swift */; };
		2FCB4A612848889E0047F8E5 /* example10.swift in Sources */ = {isa = PBXBuildFile; fileRef = 2FCB4A602848889E0047F8E5 /* example10.swift */; };
/* End PBXBuildFile section */

/* Begin PBXCopyFilesBuildPhase section */
		2FB9E17E284730790009C8B2 /* CopyFiles */ = {
			isa = PBXCopyFilesBuildPhase;
			buildActionMask = 2147483647;
			dstPath = /usr/share/man/man1/;
			dstSubfolderSpec = 0;
			files = (
			);
			runOnlyForDeploymentPostprocessing = 1;
		};
/* End PBXCopyFilesBuildPhase section */

/* Begin PBXFileReference section */
		2FB9E180284730790009C8B2 /* [Sesac]ready */ = {isa = PBXFileReference; explicitFileType = "compiled.mach-o.executable"; includeInIndex = 0; path = "[Sesac]ready"; sourceTree = BUILT_PRODUCTS_DIR; };
		2FB9E183284730790009C8B2 /* main.swift */ = {isa = PBXFileReference; lastKnownFileType = sourcecode.swift; path = main.swift; sourceTree = "<group>"; };
		2FB9E18A284753350009C8B2 /* example1.swift */ = {isa = PBXFileReference; lastKnownFileType = sourcecode.swift; path = example1.swift; sourceTree = "<group>"; };
		2FB9E18C284753CC0009C8B2 /* example2.swift */ = {isa = PBXFileReference; lastKnownFileType = sourcecode.swift; path = example2.swift; sourceTree = "<group>"; };
		2FCB4A50284864160047F8E5 /* example3.swift */ = {isa = PBXFileReference; lastKnownFileType = sourcecode.swift; path = example3.swift; sourceTree = "<group>"; };
		2FCB4A52284865710047F8E5 /* example4.swift */ = {isa = PBXFileReference; lastKnownFileType = sourcecode.swift; path = example4.swift; sourceTree = "<group>"; };
		2FCB4A54284872140047F8E5 /* example5.swift */ = {isa = PBXFileReference; lastKnownFileType = sourcecode.swift; path = example5.swift; sourceTree = "<group>"; };
		2FCB4A56284877C10047F8E5 /* example6.swift */ = {isa = PBXFileReference; lastKnownFileType = sourcecode.swift; path = example6.swift; sourceTree = "<group>"; };
		2FCB4A5828487AFC0047F8E5 /* example7.swift */ = {isa = PBXFileReference; lastKnownFileType = sourcecode.swift; path = example7.swift; sourceTree = "<group>"; };
		2FCB4A5A28487D520047F8E5 /* example8.swift */ = {isa = PBXFileReference; lastKnownFileType = sourcecode.swift; path = example8.swift; sourceTree = "<group>"; };
		2FCB4A5C284886550047F8E5 /* example9.swift */ = {isa = PBXFileReference; lastKnownFileType = sourcecode.swift; path = example9.swift; sourceTree = "<group>"; };
		2FCB4A602848889E0047F8E5 /* example10.swift */ = {isa = PBXFileReference; lastKnownFileType = sourcecode.swift; path = example10.swift; sourceTree = "<group>"; };
/* End PBXFileReference section */

/* Begin PBXFrameworksBuildPhase section */
		2FB9E17D284730790009C8B2 /* Frameworks */ = {
			isa = PBXFrameworksBuildPhase;
			buildActionMask = 2147483647;
			files = (
			);
			runOnlyForDeploymentPostprocessing = 0;
		};
/* End PBXFrameworksBuildPhase section */

/* Begin PBXGroup section */
		2FB9E177284730790009C8B2 = {
			isa = PBXGroup;
			children = (
				2FB9E182284730790009C8B2 /* [Sesac]ready */,
				2FB9E181284730790009C8B2 /* Products */,
			);
			sourceTree = "<group>";
		};
		2FB9E181284730790009C8B2 /* Products */ = {
			isa = PBXGroup;
			children = (
				2FB9E180284730790009C8B2 /* [Sesac]ready */,
			);
			name = Products;
			sourceTree = "<group>";
		};
		2FB9E182284730790009C8B2 /* [Sesac]ready */ = {
			isa = PBXGroup;
			children = (
				2FB9E183284730790009C8B2 /* main.swift */,
				2FB9E18A284753350009C8B2 /* example1.swift */,
				2FB9E18C284753CC0009C8B2 /* example2.swift */,
				2FCB4A50284864160047F8E5 /* example3.swift */,
				2FCB4A52284865710047F8E5 /* example4.swift */,
				2FCB4A54284872140047F8E5 /* example5.swift */,
				2FCB4A56284877C10047F8E5 /* example6.swift */,
				2FCB4A5828487AFC0047F8E5 /* example7.swift */,
				2FCB4A5A28487D520047F8E5 /* example8.swift */,
				2FCB4A5C284886550047F8E5 /* example9.swift */,
				2FCB4A602848889E0047F8E5 /* example10.swift */,
			);
			path = "[Sesac]ready";
			sourceTree = "<group>";
		};
/* End PBXGroup section */

/* Begin PBXNativeTarget section */
		2FB9E17F284730790009C8B2 /* [Sesac]ready */ = {
			isa = PBXNativeTarget;
			buildConfigurationList = 2FB9E187284730790009C8B2 /* Build configuration list for PBXNativeTarget "[Sesac]ready" */;
			buildPhases = (
				2FB9E17C284730790009C8B2 /* Sources */,
				2FB9E17D284730790009C8B2 /* Frameworks */,
				2FB9E17E284730790009C8B2 /* CopyFiles */,
			);
			buildRules = (
			);
			dependencies = (
			);
			name = "[Sesac]ready";
			productName = "[Sesac]ready";
			productReference = 2FB9E180284730790009C8B2 /* [Sesac]ready */;
			productType = "com.apple.product-type.tool";
		};
/* End PBXNativeTarget section */

/* Begin PBXProject section */
		2FB9E178284730790009C8B2 /* Project object */ = {
			isa = PBXProject;
			attributes = {
				BuildIndependentTargetsInParallel = 1;
				LastSwiftUpdateCheck = 1330;
				LastUpgradeCheck = 1330;
				TargetAttributes = {
					2FB9E17F284730790009C8B2 = {
						CreatedOnToolsVersion = 13.3.1;
					};
				};
			};
			buildConfigurationList = 2FB9E17B284730790009C8B2 /* Build configuration list for PBXProject "[Sesac]ready" */;
			compatibilityVersion = "Xcode 13.0";
			developmentRegion = en;
			hasScannedForEncodings = 0;
			knownRegions = (
				en,
				Base,
			);
			mainGroup = 2FB9E177284730790009C8B2;
			productRefGroup = 2FB9E181284730790009C8B2 /* Products */;
			projectDirPath = "";
			projectRoot = "";
			targets = (
				2FB9E17F284730790009C8B2 /* [Sesac]ready */,
			);
		};
/* End PBXProject section */

/* Begin PBXSourcesBuildPhase section */
		2FB9E17C284730790009C8B2 /* Sources */ = {
			isa = PBXSourcesBuildPhase;
			buildActionMask = 2147483647;
			files = (
				2FCB4A55284872140047F8E5 /* example5.swift in Sources */,
				2FCB4A51284864160047F8E5 /* example3.swift in Sources */,
				2FB9E18D284753CC0009C8B2 /* example2.swift in Sources */,
				2FB9E184284730790009C8B2 /* main.swift in Sources */,
				2FCB4A5928487AFC0047F8E5 /* example7.swift in Sources */,
				2FCB4A53284865710047F8E5 /* example4.swift in Sources */,
				2FCB4A5B28487D520047F8E5 /* example8.swift in Sources */,
				2FCB4A612848889E0047F8E5 /* example10.swift in Sources */,
				2FCB4A57284877C10047F8E5 /* example6.swift in Sources */,
				2FCB4A5D284886550047F8E5 /* example9.swift in Sources */,
				2FB9E18B284753350009C8B2 /* example1.swift in Sources */,
			);
			runOnlyForDeploymentPostprocessing = 0;
		};
/* End PBXSourcesBuildPhase section */

/* Begin XCBuildConfiguration section */
		2FB9E185284730790009C8B2 /* Debug */ = {
			isa = XCBuildConfiguration;
			buildSettings = {
				ALWAYS_SEARCH_USER_PATHS = NO;
				CLANG_ANALYZER_NONNULL = YES;
				CLANG_ANALYZER_NUMBER_OBJECT_CONVERSION = YES_AGGRESSIVE;
				CLANG_CXX_LANGUAGE_STANDARD = "gnu++17";
				CLANG_ENABLE_MODULES = YES;
				CLANG_ENABLE_OBJC_ARC = YES;
				CLANG_ENABLE_OBJC_WEAK = YES;
				CLANG_WARN_BLOCK_CAPTURE_AUTORELEASING = YES;
				CLANG_WARN_BOOL_CONVERSION = YES;
				CLANG_WARN_COMMA = YES;
				CLANG_WARN_CONSTANT_CONVERSION = YES;
				CLANG_WARN_DEPRECATED_OBJC_IMPLEMENTATIONS = YES;
				CLANG_WARN_DIRECT_OBJC_ISA_USAGE = YES_ERROR;
				CLANG_WARN_DOCUMENTATION_COMMENTS = YES;
				CLANG_WARN_EMPTY_BODY = YES;
				CLANG_WARN_ENUM_CONVERSION = YES;
				CLANG_WARN_INFINITE_RECURSION = YES;
				CLANG_WARN_INT_CONVERSION = YES;
				CLANG_WARN_NON_LITERAL_NULL_CONVERSION = YES;
				CLANG_WARN_OBJC_IMPLICIT_RETAIN_SELF = YES;
				CLANG_WARN_OBJC_LITERAL_CONVERSION = YES;
				CLANG_WARN_OBJC_ROOT_CLASS = YES_ERROR;
				CLANG_WARN_QUOTED_INCLUDE_IN_FRAMEWORK_HEADER = YES;
				CLANG_WARN_RANGE_LOOP_ANALYSIS = YES;
				CLANG_WARN_STRICT_PROTOTYPES = YES;
				CLANG_WARN_SUSPICIOUS_MOVE = YES;
				CLANG_WARN_UNGUARDED_AVAILABILITY = YES_AGGRESSIVE;
				CLANG_WARN_UNREACHABLE_CODE = YES;
				CLANG_WARN__DUPLICATE_METHOD_MATCH = YES;
				COPY_PHASE_STRIP = NO;
				DEBUG_INFORMATION_FORMAT = dwarf;
				ENABLE_STRICT_OBJC_MSGSEND = YES;
				ENABLE_TESTABILITY = YES;
				GCC_C_LANGUAGE_STANDARD = gnu11;
				GCC_DYNAMIC_NO_PIC = NO;
				GCC_NO_COMMON_BLOCKS = YES;
				GCC_OPTIMIZATION_LEVEL = 0;
				GCC_PREPROCESSOR_DEFINITIONS = (
					"DEBUG=1",
					"$(inherited)",
				);
				GCC_WARN_64_TO_32_BIT_CONVERSION = YES;
				GCC_WARN_ABOUT_RETURN_TYPE = YES_ERROR;
				GCC_WARN_UNDECLARED_SELECTOR = YES;
				GCC_WARN_UNINITIALIZED_AUTOS = YES_AGGRESSIVE;
				GCC_WARN_UNUSED_FUNCTION = YES;
				GCC_WARN_UNUSED_VARIABLE = YES;
				MACOSX_DEPLOYMENT_TARGET = 12.3;
				MTL_ENABLE_DEBUG_INFO = INCLUDE_SOURCE;
				MTL_FAST_MATH = YES;
				ONLY_ACTIVE_ARCH = YES;
				SDKROOT = macosx;
				SWIFT_ACTIVE_COMPILATION_CONDITIONS = DEBUG;
				SWIFT_OPTIMIZATION_LEVEL = "-Onone";
			};
			name = Debug;
		};
		2FB9E186284730790009C8B2 /* Release */ = {
			isa = XCBuildConfiguration;
			buildSettings = {
				ALWAYS_SEARCH_USER_PATHS = NO;
				CLANG_ANALYZER_NONNULL = YES;
				CLANG_ANALYZER_NUMBER_OBJECT_CONVERSION = YES_AGGRESSIVE;
				CLANG_CXX_LANGUAGE_STANDARD = "gnu++17";
				CLANG_ENABLE_MODULES = YES;
				CLANG_ENABLE_OBJC_ARC = YES;
				CLANG_ENABLE_OBJC_WEAK = YES;
				CLANG_WARN_BLOCK_CAPTURE_AUTORELEASING = YES;
				CLANG_WARN_BOOL_CONVERSION = YES;
				CLANG_WARN_COMMA = YES;
				CLANG_WARN_CONSTANT_CONVERSION = YES;
				CLANG_WARN_DEPRECATED_OBJC_IMPLEMENTATIONS = YES;
				CLANG_WARN_DIRECT_OBJC_ISA_USAGE = YES_ERROR;
				CLANG_WARN_DOCUMENTATION_COMMENTS = YES;
				CLANG_WARN_EMPTY_BODY = YES;
				CLANG_WARN_ENUM_CONVERSION = YES;
				CLANG_WARN_INFINITE_RECURSION = YES;
				CLANG_WARN_INT_CONVERSION = YES;
				CLANG_WARN_NON_LITERAL_NULL_CONVERSION = YES;
				CLANG_WARN_OBJC_IMPLICIT_RETAIN_SELF = YES;
				CLANG_WARN_OBJC_LITERAL_CONVERSION = YES;
				CLANG_WARN_OBJC_ROOT_CLASS = YES_ERROR;
				CLANG_WARN_QUOTED_INCLUDE_IN_FRAMEWORK_HEADER = YES;
				CLANG_WARN_RANGE_LOOP_ANALYSIS = YES;
				CLANG_WARN_STRICT_PROTOTYPES = YES;
				CLANG_WARN_SUSPICIOUS_MOVE = YES;
				CLANG_WARN_UNGUARDED_AVAILABILITY = YES_AGGRESSIVE;
				CLANG_WARN_UNREACHABLE_CODE = YES;
				CLANG_WARN__DUPLICATE_METHOD_MATCH = YES;
				COPY_PHASE_STRIP = NO;
				DEBUG_INFORMATION_FORMAT = "dwarf-with-dsym";
				ENABLE_NS_ASSERTIONS = NO;
				ENABLE_STRICT_OBJC_MSGSEND = YES;
				GCC_C_LANGUAGE_STANDARD = gnu11;
				GCC_NO_COMMON_BLOCKS = YES;
				GCC_WARN_64_TO_32_BIT_CONVERSION = YES;
				GCC_WARN_ABOUT_RETURN_TYPE = YES_ERROR;
				GCC_WARN_UNDECLARED_SELECTOR = YES;
				GCC_WARN_UNINITIALIZED_AUTOS = YES_AGGRESSIVE;
				GCC_WARN_UNUSED_FUNCTION = YES;
				GCC_WARN_UNUSED_VARIABLE = YES;
				MACOSX_DEPLOYMENT_TARGET = 12.3;
				MTL_ENABLE_DEBUG_INFO = NO;
				MTL_FAST_MATH = YES;
				SDKROOT = macosx;
				SWIFT_COMPILATION_MODE = wholemodule;
				SWIFT_OPTIMIZATION_LEVEL = "-O";
			};
			name = Release;
		};
		2FB9E188284730790009C8B2 /* Debug */ = {
			isa = XCBuildConfiguration;
			buildSettings = {
				CODE_SIGN_STYLE = Automatic;
				DEVELOPMENT_TEAM = LL4R66V6Y3;
				ENABLE_HARDENED_RUNTIME = YES;
				PRODUCT_NAME = "$(TARGET_NAME)";
				SWIFT_VERSION = 5.0;
			};
			name = Debug;
		};
		2FB9E189284730790009C8B2 /* Release */ = {
			isa = XCBuildConfiguration;
			buildSettings = {
				CODE_SIGN_STYLE = Automatic;
				DEVELOPMENT_TEAM = LL4R66V6Y3;
				ENABLE_HARDENED_RUNTIME = YES;
				PRODUCT_NAME = "$(TARGET_NAME)";
				SWIFT_VERSION = 5.0;
			};
			name = Release;
		};
/* End XCBuildConfiguration section */

/* Begin XCConfigurationList section */
		2FB9E17B284730790009C8B2 /* Build configuration list for PBXProject "[Sesac]ready" */ = {
			isa = XCConfigurationList;
			buildConfigurations = (
				2FB9E185284730790009C8B2 /* Debug */,
				2FB9E186284730790009C8B2 /* Release */,
			);
			defaultConfigurationIsVisible = 0;
			defaultConfigurationName = Release;
		};
		2FB9E187284730790009C8B2 /* Build configuration list for PBXNativeTarget "[Sesac]ready" */ = {
			isa = XCConfigurationList;
			buildConfigurations = (
				2FB9E188284730790009C8B2 /* Debug */,
				2FB9E189284730790009C8B2 /* Release */,
			);
			defaultConfigurationIsVisible = 0;
			defaultConfigurationName = Release;
		};
/* End XCConfigurationList section */
	};
	rootObject = 2FB9E178284730790009C8B2 /* Project object */;
}
